
Microsoft Visual Studio Solution File, Format Version 12.00
# Visual Studio Version 17
VisualStudioVersion = 17.7.34031.279
MinimumVisualStudioVersion = 10.0.40219.1
Project("{FAE04EC0-301F-11D3-BF4B-00C04F79EFBC}") = "1_5", "1_5\1_5.csproj", "{D0B188F6-BA72-4DE6-9B8C-0609FFBF5BA5}"
EndProject
Global
	GlobalSection(SolutionConfigurationPlatforms) = preSolution
		Debug|Any CPU = Debug|Any CPU
		Release|Any CPU = Release|Any CPU
	EndGlobalSection
	GlobalSection(ProjectConfigurationPlatforms) = postSolution
		{D0B188F6-BA72-4DE6-9B8C-0609FFBF5BA5}.Debug|Any CPU.ActiveCfg = Debug|Any CPU
		{D0B188F6-BA72-4DE6-9B8C-0609FFBF5BA5}.Debug|Any CPU.Build.0 = Debug|Any CPU
		{D0B188F6-BA72-4DE6-9B8C-0609FFBF5BA5}.Release|Any CPU.ActiveCfg = Release|Any CPU
		{D0B188F6-BA72-4DE6-9B8C-0609FFBF5BA5}.Release|Any CPU.Build.0 = Release|Any CPU
	EndGlobalSection
	GlobalSection(SolutionProperties) = preSolution
		HideSolutionNode = FALSE
	EndGlobalSection
	GlobalSection(ExtensibilityGlobals) = postSolution
		SolutionGuid = {591744DC-155E-445B-92F6-A5D6207B8511}
	EndGlobalSection
EndGlobal
